// !$*UTF8*$!
{
	archiveVersion = 1;
	classes = {
	};
	objectVersion = 56;
	objects = {

/* Begin PBXBuildFile section */
		AB465A2C298AF32100FE3751 /* finiteSumSinApp.swift in Sources */ = {isa = PBXBuildFile; fileRef = AB465A2B298AF32100FE3751 /* finiteSumSinApp.swift */; };
		AB465A2E298AF32100FE3751 /* ContentView.swift in Sources */ = {isa = PBXBuildFile; fileRef = AB465A2D298AF32100FE3751 /* ContentView.swift */; };
		AB465A30298AF32200FE3751 /* Assets.xcassets in Resources */ = {isa = PBXBuildFile; fileRef = AB465A2F298AF32200FE3751 /* Assets.xcassets */; };
		AB465A34298AF32200FE3751 /* Preview Assets.xcassets in Resources */ = {isa = PBXBuildFile; fileRef = AB465A33298AF32200FE3751 /* Preview Assets.xcassets */; };
		AB465A3E298AF32200FE3751 /* finiteSumSinTests.swift in Sources */ = {isa = PBXBuildFile; fileRef = AB465A3D298AF32200FE3751 /* finiteSumSinTests.swift */; };
		AB465A48298AF32200FE3751 /* finiteSumSinUITests.swift in Sources */ = {isa = PBXBuildFile; fileRef = AB465A47298AF32200FE3751 /* finiteSumSinUITests.swift */; };
		AB465A4A298AF32200FE3751 /* finiteSumSinUITestsLaunchTests.swift in Sources */ = {isa = PBXBuildFile; fileRef = AB465A49298AF32200FE3751 /* finiteSumSinUITestsLaunchTests.swift */; };
/* End PBXBuildFile section */

/* Begin PBXContainerItemProxy section */
		AB465A3A298AF32200FE3751 /* PBXContainerItemProxy */ = {
			isa = PBXContainerItemProxy;
			containerPortal = AB465A20298AF32100FE3751 /* Project object */;
			proxyType = 1;
			remoteGlobalIDString = AB465A27298AF32100FE3751;
			remoteInfo = finiteSumSin;
		};
		AB465A44298AF32200FE3751 /* PBXContainerItemProxy */ = {
			isa = PBXContainerItemProxy;
			containerPortal = AB465A20298AF32100FE3751 /* Project object */;
			proxyType = 1;
			remoteGlobalIDString = AB465A27298AF32100FE3751;
			remoteInfo = finiteSumSin;
		};
/* End PBXContainerItemProxy section */

/* Begin PBXFileReference section */
		AB465A28298AF32100FE3751 /* finiteSumSin.app */ = {isa = PBXFileReference; explicitFileType = wrapper.application; includeInIndex = 0; path = finiteSumSin.app; sourceTree = BUILT_PRODUCTS_DIR; };
		AB465A2B298AF32100FE3751 /* finiteSumSinApp.swift */ = {isa = PBXFileReference; lastKnownFileType = sourcecode.swift; path = finiteSumSinApp.swift; sourceTree = "<group>"; };
		AB465A2D298AF32100FE3751 /* ContentView.swift */ = {isa = PBXFileReference; lastKnownFileType = sourcecode.swift; path = ContentView.swift; sourceTree = "<group>"; };
		AB465A2F298AF32200FE3751 /* Assets.xcassets */ = {isa = PBXFileReference; lastKnownFileType = folder.assetcatalog; path = Assets.xcassets; sourceTree = "<group>"; };
		AB465A31298AF32200FE3751 /* finiteSumSin.entitlements */ = {isa = PBXFileReference; lastKnownFileType = text.plist.entitlements; path = finiteSumSin.entitlements; sourceTree = "<group>"; };
		AB465A33298AF32200FE3751 /* Preview Assets.xcassets */ = {isa = PBXFileReference; lastKnownFileType = folder.assetcatalog; path = "Preview Assets.xcassets"; sourceTree = "<group>"; };
		AB465A39298AF32200FE3751 /* finiteSumSinTests.xctest */ = {isa = PBXFileReference; explicitFileType = wrapper.cfbundle; includeInIndex = 0; path = finiteSumSinTests.xctest; sourceTree = BUILT_PRODUCTS_DIR; };
		AB465A3D298AF32200FE3751 /* finiteSumSinTests.swift */ = {isa = PBXFileReference; lastKnownFileType = sourcecode.swift; path = finiteSumSinTests.swift; sourceTree = "<group>"; };
		AB465A43298AF32200FE3751 /* finiteSumSinUITests.xctest */ = {isa = PBXFileReference; explicitFileType = wrapper.cfbundle; includeInIndex = 0; path = finiteSumSinUITests.xctest; sourceTree = BUILT_PRODUCTS_DIR; };
		AB465A47298AF32200FE3751 /* finiteSumSinUITests.swift */ = {isa = PBXFileReference; lastKnownFileType = sourcecode.swift; path = finiteSumSinUITests.swift; sourceTree = "<group>"; };
		AB465A49298AF32200FE3751 /* finiteSumSinUITestsLaunchTests.swift */ = {isa = PBXFileReference; lastKnownFileType = sourcecode.swift; path = finiteSumSinUITestsLaunchTests.swift; sourceTree = "<group>"; };
/* End PBXFileReference section */

/* Begin PBXFrameworksBuildPhase section */
		AB465A25298AF32100FE3751 /* Frameworks */ = {
			isa = PBXFrameworksBuildPhase;
			buildActionMask = 2147483647;
			files = (
			);
			runOnlyForDeploymentPostprocessing = 0;
		};
		AB465A36298AF32200FE3751 /* Frameworks */ = {
			isa = PBXFrameworksBuildPhase;
			buildActionMask = 2147483647;
			files = (
			);
			runOnlyForDeploymentPostprocessing = 0;
		};
		AB465A40298AF32200FE3751 /* Frameworks */ = {
			isa = PBXFrameworksBuildPhase;
			buildActionMask = 2147483647;
			files = (
			);
			runOnlyForDeploymentPostprocessing = 0;
		};
/* End PBXFrameworksBuildPhase section */

/* Begin PBXGroup section */
		AB465A1F298AF32100FE3751 = {
			isa = PBXGroup;
			children = (
				AB465A2A298AF32100FE3751 /* finiteSumSin */,
				AB465A3C298AF32200FE3751 /* finiteSumSinTests */,
				AB465A46298AF32200FE3751 /* finiteSumSinUITests */,
				AB465A29298AF32100FE3751 /* Products */,
			);
			sourceTree = "<group>";
		};
		AB465A29298AF32100FE3751 /* Products */ = {
			isa = PBXGroup;
			children = (
				AB465A28298AF32100FE3751 /* finiteSumSin.app */,
				AB465A39298AF32200FE3751 /* finiteSumSinTests.xctest */,
				AB465A43298AF32200FE3751 /* finiteSumSinUITests.xctest */,
			);
			name = Products;
			sourceTree = "<group>";
		};
		AB465A2A298AF32100FE3751 /* finiteSumSin */ = {
			isa = PBXGroup;
			children = (
				AB465A2B298AF32100FE3751 /* finiteSumSinApp.swift */,
				AB465A2D298AF32100FE3751 /* ContentView.swift */,
				AB465A2F298AF32200FE3751 /* Assets.xcassets */,
				AB465A31298AF32200FE3751 /* finiteSumSin.entitlements */,
				AB465A32298AF32200FE3751 /* Preview Content */,
			);
			path = finiteSumSin;
			sourceTree = "<group>";
		};
		AB465A32298AF32200FE3751 /* Preview Content */ = {
			isa = PBXGroup;
			children = (
				AB465A33298AF32200FE3751 /* Preview Assets.xcassets */,
			);
			path = "Preview Content";
			sourceTree = "<group>";
		};
		AB465A3C298AF32200FE3751 /* finiteSumSinTests */ = {
			isa = PBXGroup;
			children = (
				AB465A3D298AF32200FE3751 /* finiteSumSinTests.swift */,
			);
			path = finiteSumSinTests;
			sourceTree = "<group>";
		};
		AB465A46298AF32200FE3751 /* finiteSumSinUITests */ = {
			isa = PBXGroup;
			children = (
				AB465A47298AF32200FE3751 /* finiteSumSinUITests.swift */,
				AB465A49298AF32200FE3751 /* finiteSumSinUITestsLaunchTests.swift */,
			);
			path = finiteSumSinUITests;
			sourceTree = "<group>";
		};
/* End PBXGroup section */

/* Begin PBXNativeTarget section */
		AB465A27298AF32100FE3751 /* finiteSumSin */ = {
			isa = PBXNativeTarget;
			buildConfigurationList = AB465A4D298AF32200FE3751 /* Build configuration list for PBXNativeTarget "finiteSumSin" */;
			buildPhases = (
				AB465A24298AF32100FE3751 /* Sources */,
				AB465A25298AF32100FE3751 /* Frameworks */,
				AB465A26298AF32100FE3751 /* Resources */,
			);
			buildRules = (
			);
			dependencies = (
			);
			name = finiteSumSin;
			productName = finiteSumSin;
			productReference = AB465A28298AF32100FE3751 /* finiteSumSin.app */;
			productType = "com.apple.product-type.application";
		};
		AB465A38298AF32200FE3751 /* finiteSumSinTests */ = {
			isa = PBXNativeTarget;
			buildConfigurationList = AB465A50298AF32200FE3751 /* Build configuration list for PBXNativeTarget "finiteSumSinTests" */;
			buildPhases = (
				AB465A35298AF32200FE3751 /* Sources */,
				AB465A36298AF32200FE3751 /* Frameworks */,
				AB465A37298AF32200FE3751 /* Resources */,
			);
			buildRules = (
			);
			dependencies = (
				AB465A3B298AF32200FE3751 /* PBXTargetDependency */,
			);
			name = finiteSumSinTests;
			productName = finiteSumSinTests;
			productReference = AB465A39298AF32200FE3751 /* finiteSumSinTests.xctest */;
			productType = "com.apple.product-type.bundle.unit-test";
		};
		AB465A42298AF32200FE3751 /* finiteSumSinUITests */ = {
			isa = PBXNativeTarget;
			buildConfigurationList = AB465A53298AF32200FE3751 /* Build configuration list for PBXNativeTarget "finiteSumSinUITests" */;
			buildPhases = (
				AB465A3F298AF32200FE3751 /* Sources */,
				AB465A40298AF32200FE3751 /* Frameworks */,
				AB465A41298AF32200FE3751 /* Resources */,
			);
			buildRules = (
			);
			dependencies = (
				AB465A45298AF32200FE3751 /* PBXTargetDependency */,
			);
			name = finiteSumSinUITests;
			productName = finiteSumSinUITests;
			productReference = AB465A43298AF32200FE3751 /* finiteSumSinUITests.xctest */;
			productType = "com.apple.product-type.bundle.ui-testing";
		};
/* End PBXNativeTarget section */

/* Begin PBXProject section */
		AB465A20298AF32100FE3751 /* Project object */ = {
			isa = PBXProject;
			attributes = {
				BuildIndependentTargetsInParallel = 1;
				LastSwiftUpdateCheck = 1420;
				LastUpgradeCheck = 1420;
				TargetAttributes = {
					AB465A27298AF32100FE3751 = {
						CreatedOnToolsVersion = 14.2;
					};
					AB465A38298AF32200FE3751 = {
						CreatedOnToolsVersion = 14.2;
						TestTargetID = AB465A27298AF32100FE3751;
					};
					AB465A42298AF32200FE3751 = {
						CreatedOnToolsVersion = 14.2;
						TestTargetID = AB465A27298AF32100FE3751;
					};
				};
			};
			buildConfigurationList = AB465A23298AF32100FE3751 /* Build configuration list for PBXProject "finiteSumSin" */;
			compatibilityVersion = "Xcode 14.0";
			developmentRegion = en;
			hasScannedForEncodings = 0;
			knownRegions = (
				en,
				Base,
			);
			mainGroup = AB465A1F298AF32100FE3751;
			productRefGroup = AB465A29298AF32100FE3751 /* Products */;
			projectDirPath = "";
			projectRoot = "";
			targets = (
				AB465A27298AF32100FE3751 /* finiteSumSin */,
				AB465A38298AF32200FE3751 /* finiteSumSinTests */,
				AB465A42298AF32200FE3751 /* finiteSumSinUITests */,
			);
		};
/* End PBXProject section */

/* Begin PBXResourcesBuildPhase section */
		AB465A26298AF32100FE3751 /* Resources */ = {
			isa = PBXResourcesBuildPhase;
			buildActionMask = 2147483647;
			files = (
				AB465A34298AF32200FE3751 /* Preview Assets.xcassets in Resources */,
				AB465A30298AF32200FE3751 /* Assets.xcassets in Resources */,
			);
			runOnlyForDeploymentPostprocessing = 0;
		};
		AB465A37298AF32200FE3751 /* Resources */ = {
			isa = PBXResourcesBuildPhase;
			buildActionMask = 2147483647;
			files = (
			);
			runOnlyForDeploymentPostprocessing = 0;
		};
		AB465A41298AF32200FE3751 /* Resources */ = {
			isa = PBXResourcesBuildPhase;
			buildActionMask = 2147483647;
			files = (
			);
			runOnlyForDeploymentPostprocessing = 0;
		};
/* End PBXResourcesBuildPhase section */

/* Begin PBXSourcesBuildPhase section */
		AB465A24298AF32100FE3751 /* Sources */ = {
			isa = PBXSourcesBuildPhase;
			buildActionMask = 2147483647;
			files = (
				AB465A2E298AF32100FE3751 /* ContentView.swift in Sources */,
				AB465A2C298AF32100FE3751 /* finiteSumSinApp.swift in Sources */,
			);
			runOnlyForDeploymentPostprocessing = 0;
		};
		AB465A35298AF32200FE3751 /* Sources */ = {
			isa = PBXSourcesBuildPhase;
			buildActionMask = 2147483647;
			files = (
				AB465A3E298AF32200FE3751 /* finiteSumSinTests.swift in Sources */,
			);
			runOnlyForDeploymentPostprocessing = 0;
		};
		AB465A3F298AF32200FE3751 /* Sources */ = {
			isa = PBXSourcesBuildPhase;
			buildActionMask = 2147483647;
			files = (
				AB465A4A298AF32200FE3751 /* finiteSumSinUITestsLaunchTests.swift in Sources */,
				AB465A48298AF32200FE3751 /* finiteSumSinUITests.swift in Sources */,
			);
			runOnlyForDeploymentPostprocessing = 0;
		};
/* End PBXSourcesBuildPhase section */

/* Begin PBXTargetDependency section */
		AB465A3B298AF32200FE3751 /* PBXTargetDependency */ = {
			isa = PBXTargetDependency;
			target = AB465A27298AF32100FE3751 /* finiteSumSin */;
			targetProxy = AB465A3A298AF32200FE3751 /* PBXContainerItemProxy */;
		};
		AB465A45298AF32200FE3751 /* PBXTargetDependency */ = {
			isa = PBXTargetDependency;
			target = AB465A27298AF32100FE3751 /* finiteSumSin */;
			targetProxy = AB465A44298AF32200FE3751 /* PBXContainerItemProxy */;
		};
/* End PBXTargetDependency section */

/* Begin XCBuildConfiguration section */
		AB465A4B298AF32200FE3751 /* Debug */ = {
			isa = XCBuildConfiguration;
			buildSettings = {
				ALWAYS_SEARCH_USER_PATHS = NO;
				CLANG_ANALYZER_NONNULL = YES;
				CLANG_ANALYZER_NUMBER_OBJECT_CONVERSION = YES_AGGRESSIVE;
				CLANG_CXX_LANGUAGE_STANDARD = "gnu++20";
				CLANG_ENABLE_MODULES = YES;
				CLANG_ENABLE_OBJC_ARC = YES;
				CLANG_ENABLE_OBJC_WEAK = YES;
				CLANG_WARN_BLOCK_CAPTURE_AUTORELEASING = YES;
				CLANG_WARN_BOOL_CONVERSION = YES;
				CLANG_WARN_COMMA = YES;
				CLANG_WARN_CONSTANT_CONVERSION = YES;
				CLANG_WARN_DEPRECATED_OBJC_IMPLEMENTATIONS = YES;
				CLANG_WARN_DIRECT_OBJC_ISA_USAGE = YES_ERROR;
				CLANG_WARN_DOCUMENTATION_COMMENTS = YES;
				CLANG_WARN_EMPTY_BODY = YES;
				CLANG_WARN_ENUM_CONVERSION = YES;
				CLANG_WARN_INFINITE_RECURSION = YES;
				CLANG_WARN_INT_CONVERSION = YES;
				CLANG_WARN_NON_LITERAL_NULL_CONVERSION = YES;
				CLANG_WARN_OBJC_IMPLICIT_RETAIN_SELF = YES;
				CLANG_WARN_OBJC_LITERAL_CONVERSION = YES;
				CLANG_WARN_OBJC_ROOT_CLASS = YES_ERROR;
				CLANG_WARN_QUOTED_INCLUDE_IN_FRAMEWORK_HEADER = YES;
				CLANG_WARN_RANGE_LOOP_ANALYSIS = YES;
				CLANG_WARN_STRICT_PROTOTYPES = YES;
				CLANG_WARN_SUSPICIOUS_MOVE = YES;
				CLANG_WARN_UNGUARDED_AVAILABILITY = YES_AGGRESSIVE;
				CLANG_WARN_UNREACHABLE_CODE = YES;
				CLANG_WARN__DUPLICATE_METHOD_MATCH = YES;
				COPY_PHASE_STRIP = NO;
				DEBUG_INFORMATION_FORMAT = dwarf;
				ENABLE_STRICT_OBJC_MSGSEND = YES;
				ENABLE_TESTABILITY = YES;
				GCC_C_LANGUAGE_STANDARD = gnu11;
				GCC_DYNAMIC_NO_PIC = NO;
				GCC_NO_COMMON_BLOCKS = YES;
				GCC_OPTIMIZATION_LEVEL = 0;
				GCC_PREPROCESSOR_DEFINITIONS = (
					"DEBUG=1",
					"$(inherited)",
				);
				GCC_WARN_64_TO_32_BIT_CONVERSION = YES;
				GCC_WARN_ABOUT_RETURN_TYPE = YES_ERROR;
				GCC_WARN_UNDECLARED_SELECTOR = YES;
				GCC_WARN_UNINITIALIZED_AUTOS = YES_AGGRESSIVE;
				GCC_WARN_UNUSED_FUNCTION = YES;
				GCC_WARN_UNUSED_VARIABLE = YES;
				MTL_ENABLE_DEBUG_INFO = INCLUDE_SOURCE;
				MTL_FAST_MATH = YES;
				ONLY_ACTIVE_ARCH = YES;
				SWIFT_ACTIVE_COMPILATION_CONDITIONS = DEBUG;
				SWIFT_OPTIMIZATION_LEVEL = "-Onone";
			};
			name = Debug;
		};
		AB465A4C298AF32200FE3751 /* Release */ = {
			isa = XCBuildConfiguration;
			buildSettings = {
				ALWAYS_SEARCH_USER_PATHS = NO;
				CLANG_ANALYZER_NONNULL = YES;
				CLANG_ANALYZER_NUMBER_OBJECT_CONVERSION = YES_AGGRESSIVE;
				CLANG_CXX_LANGUAGE_STANDARD = "gnu++20";
				CLANG_ENABLE_MODULES = YES;
				CLANG_ENABLE_OBJC_ARC = YES;
				CLANG_ENABLE_OBJC_WEAK = YES;
				CLANG_WARN_BLOCK_CAPTURE_AUTORELEASING = YES;
				CLANG_WARN_BOOL_CONVERSION = YES;
				CLANG_WARN_COMMA = YES;
				CLANG_WARN_CONSTANT_CONVERSION = YES;
				CLANG_WARN_DEPRECATED_OBJC_IMPLEMENTATIONS = YES;
				CLANG_WARN_DIRECT_OBJC_ISA_USAGE = YES_ERROR;
				CLANG_WARN_DOCUMENTATION_COMMENTS = YES;
				CLANG_WARN_EMPTY_BODY = YES;
				CLANG_WARN_ENUM_CONVERSION = YES;
				CLANG_WARN_INFINITE_RECURSION = YES;
				CLANG_WARN_INT_CONVERSION = YES;
				CLANG_WARN_NON_LITERAL_NULL_CONVERSION = YES;
				CLANG_WARN_OBJC_IMPLICIT_RETAIN_SELF = YES;
				CLANG_WARN_OBJC_LITERAL_CONVERSION = YES;
				CLANG_WARN_OBJC_ROOT_CLASS = YES_ERROR;
				CLANG_WARN_QUOTED_INCLUDE_IN_FRAMEWORK_HEADER = YES;
				CLANG_WARN_RANGE_LOOP_ANALYSIS = YES;
				CLANG_WARN_STRICT_PROTOTYPES = YES;
				CLANG_WARN_SUSPICIOUS_MOVE = YES;
				CLANG_WARN_UNGUARDED_AVAILABILITY = YES_AGGRESSIVE;
				CLANG_WARN_UNREACHABLE_CODE = YES;
				CLANG_WARN__DUPLICATE_METHOD_MATCH = YES;
				COPY_PHASE_STRIP = NO;
				DEBUG_INFORMATION_FORMAT = "dwarf-with-dsym";
				ENABLE_NS_ASSERTIONS = NO;
				ENABLE_STRICT_OBJC_MSGSEND = YES;
				GCC_C_LANGUAGE_STANDARD = gnu11;
				GCC_NO_COMMON_BLOCKS = YES;
				GCC_WARN_64_TO_32_BIT_CONVERSION = YES;
				GCC_WARN_ABOUT_RETURN_TYPE = YES_ERROR;
				GCC_WARN_UNDECLARED_SELECTOR = YES;
				GCC_WARN_UNINITIALIZED_AUTOS = YES_AGGRESSIVE;
				GCC_WARN_UNUSED_FUNCTION = YES;
				GCC_WARN_UNUSED_VARIABLE = YES;
				MTL_ENABLE_DEBUG_INFO = NO;
				MTL_FAST_MATH = YES;
				SWIFT_COMPILATION_MODE = wholemodule;
				SWIFT_OPTIMIZATION_LEVEL = "-O";
			};
			name = Release;
		};
		AB465A4E298AF32200FE3751 /* Debug */ = {
			isa = XCBuildConfiguration;
			buildSettings = {
				ASSETCATALOG_COMPILER_APPICON_NAME = AppIcon;
				ASSETCATALOG_COMPILER_GLOBAL_ACCENT_COLOR_NAME = AccentColor;
				CODE_SIGN_ENTITLEMENTS = finiteSumSin/finiteSumSin.entitlements;
				CODE_SIGN_STYLE = Automatic;
				CURRENT_PROJECT_VERSION = 1;
				DEVELOPMENT_ASSET_PATHS = "\"finiteSumSin/Preview Content\"";
				ENABLE_PREVIEWS = YES;
				GENERATE_INFOPLIST_FILE = YES;
				"INFOPLIST_KEY_UIApplicationSceneManifest_Generation[sdk=iphoneos*]" = YES;
				"INFOPLIST_KEY_UIApplicationSceneManifest_Generation[sdk=iphonesimulator*]" = YES;
				"INFOPLIST_KEY_UIApplicationSupportsIndirectInputEvents[sdk=iphoneos*]" = YES;
				"INFOPLIST_KEY_UIApplicationSupportsIndirectInputEvents[sdk=iphonesimulator*]" = YES;
				"INFOPLIST_KEY_UILaunchScreen_Generation[sdk=iphoneos*]" = YES;
				"INFOPLIST_KEY_UILaunchScreen_Generation[sdk=iphonesimulator*]" = YES;
				"INFOPLIST_KEY_UIStatusBarStyle[sdk=iphoneos*]" = UIStatusBarStyleDefault;
				"INFOPLIST_KEY_UIStatusBarStyle[sdk=iphonesimulator*]" = UIStatusBarStyleDefault;
				INFOPLIST_KEY_UISupportedInterfaceOrientations_iPad = "UIInterfaceOrientationPortrait UIInterfaceOrientationPortraitUpsideDown UIInterfaceOrientationLandscapeLeft UIInterfaceOrientationLandscapeRight";
				INFOPLIST_KEY_UISupportedInterfaceOrientations_iPhone = "UIInterfaceOrientationPortrait UIInterfaceOrientationLandscapeLeft UIInterfaceOrientationLandscapeRight";
				IPHONEOS_DEPLOYMENT_TARGET = 16.2;
				LD_RUNPATH_SEARCH_PATHS = "@executable_path/Frameworks";
				"LD_RUNPATH_SEARCH_PATHS[sdk=macosx*]" = "@executable_path/../Frameworks";
				MACOSX_DEPLOYMENT_TARGET = 13.1;
				MARKETING_VERSION = 1.0;
				PRODUCT_BUNDLE_IDENTIFIER = com.MV.finiteSumSin;
				PRODUCT_NAME = "$(TARGET_NAME)";
				SDKROOT = auto;
				SUPPORTED_PLATFORMS = "iphoneos iphonesimulator macosx";
				SWIFT_EMIT_LOC_STRINGS = YES;
				SWIFT_VERSION = 5.0;
				TARGETED_DEVICE_FAMILY = "1,2";
			};
			name = Debug;
		};
		AB465A4F298AF32200FE3751 /* Release */ = {
			isa = XCBuildConfiguration;
			buildSettings = {
				ASSETCATALOG_COMPILER_APPICON_NAME = AppIcon;
				ASSETCATALOG_COMPILER_GLOBAL_ACCENT_COLOR_NAME = AccentColor;
				CODE_SIGN_ENTITLEMENTS = finiteSumSin/finiteSumSin.entitlements;
				CODE_SIGN_STYLE = Automatic;
				CURRENT_PROJECT_VERSION = 1;
				DEVELOPMENT_ASSET_PATHS = "\"finiteSumSin/Preview Content\"";
				ENABLE_PREVIEWS = YES;
				GENERATE_INFOPLIST_FILE = YES;
				"INFOPLIST_KEY_UIApplicationSceneManifest_Generation[sdk=iphoneos*]" = YES;
				"INFOPLIST_KEY_UIApplicationSceneManifest_Generation[sdk=iphonesimulator*]" = YES;
				"INFOPLIST_KEY_UIApplicationSupportsIndirectInputEvents[sdk=iphoneos*]" = YES;
				"INFOPLIST_KEY_UIApplicationSupportsIndirectInputEvents[sdk=iphonesimulator*]" = YES;
				"INFOPLIST_KEY_UILaunchScreen_Generation[sdk=iphoneos*]" = YES;
				"INFOPLIST_KEY_UILaunchScreen_Generation[sdk=iphonesimulator*]" = YES;
				"INFOPLIST_KEY_UIStatusBarStyle[sdk=iphoneos*]" = UIStatusBarStyleDefault;
				"INFOPLIST_KEY_UIStatusBarStyle[sdk=iphonesimulator*]" = UIStatusBarStyleDefault;
				INFOPLIST_KEY_UISupportedInterfaceOrientations_iPad = "UIInterfaceOrientationPortrait UIInterfaceOrientationPortraitUpsideDown UIInterfaceOrientationLandscapeLeft UIInterfaceOrientationLandscapeRight";
				INFOPLIST_KEY_UISupportedInterfaceOrientations_iPhone = "UIInterfaceOrientationPortrait UIInterfaceOrientationLandscapeLeft UIInterfaceOrientationLandscapeRight";
				IPHONEOS_DEPLOYMENT_TARGET = 16.2;
				LD_RUNPATH_SEARCH_PATHS = "@executable_path/Frameworks";
				"LD_RUNPATH_SEARCH_PATHS[sdk=macosx*]" = "@executable_path/../Frameworks";
				MACOSX_DEPLOYMENT_TARGET = 13.1;
				MARKETING_VERSION = 1.0;
				PRODUCT_BUNDLE_IDENTIFIER = com.MV.finiteSumSin;
				PRODUCT_NAME = "$(TARGET_NAME)";
				SDKROOT = auto;
				SUPPORTED_PLATFORMS = "iphoneos iphonesimulator macosx";
				SWIFT_EMIT_LOC_STRINGS = YES;
				SWIFT_VERSION = 5.0;
				TARGETED_DEVICE_FAMILY = "1,2";
			};
			name = Release;
		};
		AB465A51298AF32200FE3751 /* Debug */ = {
			isa = XCBuildConfiguration;
			buildSettings = {
				ALWAYS_EMBED_SWIFT_STANDARD_LIBRARIES = YES;
				BUNDLE_LOADER = "$(TEST_HOST)";
				CODE_SIGN_STYLE = Automatic;
				CURRENT_PROJECT_VERSION = 1;
				GENERATE_INFOPLIST_FILE = YES;
				IPHONEOS_DEPLOYMENT_TARGET = 16.2;
				MACOSX_DEPLOYMENT_TARGET = 13.1;
				MARKETING_VERSION = 1.0;
				PRODUCT_BUNDLE_IDENTIFIER = com.MV.finiteSumSinTests;
				PRODUCT_NAME = "$(TARGET_NAME)";
				SDKROOT = auto;
				SUPPORTED_PLATFORMS = "iphoneos iphonesimulator macosx";
				SWIFT_EMIT_LOC_STRINGS = NO;
				SWIFT_VERSION = 5.0;
				TARGETED_DEVICE_FAMILY = "1,2";
				TEST_HOST = "$(BUILT_PRODUCTS_DIR)/finiteSumSin.app/$(BUNDLE_EXECUTABLE_FOLDER_PATH)/finiteSumSin";
			};
			name = Debug;
		};
		AB465A52298AF32200FE3751 /* Release */ = {
			isa = XCBuildConfiguration;
			buildSettings = {
				ALWAYS_EMBED_SWIFT_STANDARD_LIBRARIES = YES;
				BUNDLE_LOADER = "$(TEST_HOST)";
				CODE_SIGN_STYLE = Automatic;
				CURRENT_PROJECT_VERSION = 1;
				GENERATE_INFOPLIST_FILE = YES;
				IPHONEOS_DEPLOYMENT_TARGET = 16.2;
				MACOSX_DEPLOYMENT_TARGET = 13.1;
				MARKETING_VERSION = 1.0;
				PRODUCT_BUNDLE_IDENTIFIER = com.MV.finiteSumSinTests;
				PRODUCT_NAME = "$(TARGET_NAME)";
				SDKROOT = auto;
				SUPPORTED_PLATFORMS = "iphoneos iphonesimulator macosx";
				SWIFT_EMIT_LOC_STRINGS = NO;
				SWIFT_VERSION = 5.0;
				TARGETED_DEVICE_FAMILY = "1,2";
				TEST_HOST = "$(BUILT_PRODUCTS_DIR)/finiteSumSin.app/$(BUNDLE_EXECUTABLE_FOLDER_PATH)/finiteSumSin";
			};
			name = Release;
		};
		AB465A54298AF32200FE3751 /* Debug */ = {
			isa = XCBuildConfiguration;
			buildSettings = {
				ALWAYS_EMBED_SWIFT_STANDARD_LIBRARIES = YES;
				CODE_SIGN_STYLE = Automatic;
				CURRENT_PROJECT_VERSION = 1;
				GENERATE_INFOPLIST_FILE = YES;
				IPHONEOS_DEPLOYMENT_TARGET = 16.2;
				MACOSX_DEPLOYMENT_TARGET = 13.1;
				MARKETING_VERSION = 1.0;
				PRODUCT_BUNDLE_IDENTIFIER = com.MV.finiteSumSinUITests;
				PRODUCT_NAME = "$(TARGET_NAME)";
				SDKROOT = auto;
				SUPPORTED_PLATFORMS = "iphoneos iphonesimulator macosx";
				SWIFT_EMIT_LOC_STRINGS = NO;
				SWIFT_VERSION = 5.0;
				TARGETED_DEVICE_FAMILY = "1,2";
				TEST_TARGET_NAME = finiteSumSin;
			};
			name = Debug;
		};
		AB465A55298AF32200FE3751 /* Release */ = {
			isa = XCBuildConfiguration;
			buildSettings = {
				ALWAYS_EMBED_SWIFT_STANDARD_LIBRARIES = YES;
				CODE_SIGN_STYLE = Automatic;
				CURRENT_PROJECT_VERSION = 1;
				GENERATE_INFOPLIST_FILE = YES;
				IPHONEOS_DEPLOYMENT_TARGET = 16.2;
				MACOSX_DEPLOYMENT_TARGET = 13.1;
				MARKETING_VERSION = 1.0;
				PRODUCT_BUNDLE_IDENTIFIER = com.MV.finiteSumSinUITests;
				PRODUCT_NAME = "$(TARGET_NAME)";
				SDKROOT = auto;
				SUPPORTED_PLATFORMS = "iphoneos iphonesimulator macosx";
				SWIFT_EMIT_LOC_STRINGS = NO;
				SWIFT_VERSION = 5.0;
				TARGETED_DEVICE_FAMILY = "1,2";
				TEST_TARGET_NAME = finiteSumSin;
			};
			name = Release;
		};
/* End XCBuildConfiguration section */

/* Begin XCConfigurationList section */
		AB465A23298AF32100FE3751 /* Build configuration list for PBXProject "finiteSumSin" */ = {
			isa = XCConfigurationList;
			buildConfigurations = (
				AB465A4B298AF32200FE3751 /* Debug */,
				AB465A4C298AF32200FE3751 /* Release */,
			);
			defaultConfigurationIsVisible = 0;
			defaultConfigurationName = Release;
		};
		AB465A4D298AF32200FE3751 /* Build configuration list for PBXNativeTarget "finiteSumSin" */ = {
			isa = XCConfigurationList;
			buildConfigurations = (
				AB465A4E298AF32200FE3751 /* Debug */,
				AB465A4F298AF32200FE3751 /* Release */,
			);
			defaultConfigurationIsVisible = 0;
			defaultConfigurationName = Release;
		};
		AB465A50298AF32200FE3751 /* Build configuration list for PBXNativeTarget "finiteSumSinTests" */ = {
			isa = XCConfigurationList;
			buildConfigurations = (
				AB465A51298AF32200FE3751 /* Debug */,
				AB465A52298AF32200FE3751 /* Release */,
			);
			defaultConfigurationIsVisible = 0;
			defaultConfigurationName = Release;
		};
		AB465A53298AF32200FE3751 /* Build configuration list for PBXNativeTarget "finiteSumSinUITests" */ = {
			isa = XCConfigurationList;
			buildConfigurations = (
				AB465A54298AF32200FE3751 /* Debug */,
				AB465A55298AF32200FE3751 /* Release */,
			);
			defaultConfigurationIsVisible = 0;
			defaultConfigurationName = Release;
		};
/* End XCConfigurationList section */
	};
	rootObject = AB465A20298AF32100FE3751 /* Project object */;
}
